
Microsoft Visual Studio Solution File, Format Version 12.00
# Visual Studio Version 16
VisualStudioVersion = 16.0.30611.23
MinimumVisualStudioVersion = 10.0.40219.1
Project("{FAE04EC0-301F-11D3-BF4B-00C04F79EFBC}") = "SteadFastTimeSheet", "SteadFastTimeSheet\SteadFastTimeSheet.csproj", "{999D8C27-FA66-4901-8EEE-83858B23B23B}"
EndProject
Global
	GlobalSection(SolutionConfigurationPlatforms) = preSolution
		Debug|Any CPU = Debug|Any CPU
		Release|Any CPU = Release|Any CPU
	EndGlobalSection
	GlobalSection(ProjectConfigurationPlatforms) = postSolution
		{999D8C27-FA66-4901-8EEE-83858B23B23B}.Debug|Any CPU.ActiveCfg = Debug|Any CPU
		{999D8C27-FA66-4901-8EEE-83858B23B23B}.Debug|Any CPU.Build.0 = Debug|Any CPU
		{999D8C27-FA66-4901-8EEE-83858B23B23B}.Release|Any CPU.ActiveCfg = Release|Any CPU
		{999D8C27-FA66-4901-8EEE-83858B23B23B}.Release|Any CPU.Build.0 = Release|Any CPU
	EndGlobalSection
	GlobalSection(SolutionProperties) = preSolution
		HideSolutionNode = FALSE
	EndGlobalSection
	GlobalSection(ExtensibilityGlobals) = postSolution
		SolutionGuid = {7DF8B5EB-C1D9-4DDF-96FC-3E6293881D20}
	EndGlobalSection
EndGlobal
